
Microsoft Visual Studio Solution File, Format Version 12.00
# Visual Studio Version 17
VisualStudioVersion = 17.11.35327.3
MinimumVisualStudioVersion = 10.0.40219.1
Project("{9A19103F-16F7-4668-BE54-9A1E7A4F7556}") = "NetAirflow.Web", "NetAirflow.Web\NetAirflow.Web.csproj", "{783CEA90-6BE2-4D07-A831-3D9F148EF339}"
EndProject
Project("{9A19103F-16F7-4668-BE54-9A1E7A4F7556}") = "NetAirflow.Shared", "NetAirflow.Shared\NetAirflow.Shared.csproj", "{695A93CB-7176-4307-BF33-B50A41DDCFC0}"
EndProject
Project("{9A19103F-16F7-4668-BE54-9A1E7A4F7556}") = "NetAirflow.MyTaskLibrary", "NetAirflow.MyTaskLibrary\NetAirflow.MyTaskLibrary.csproj", "{602E9E76-5FD9-4C48-B247-73599E5E0849}"
EndProject
Global
	GlobalSection(SolutionConfigurationPlatforms) = preSolution
		Debug|Any CPU = Debug|Any CPU
		Release|Any CPU = Release|Any CPU
	EndGlobalSection
	GlobalSection(ProjectConfigurationPlatforms) = postSolution
		{783CEA90-6BE2-4D07-A831-3D9F148EF339}.Debug|Any CPU.ActiveCfg = Debug|Any CPU
		{783CEA90-6BE2-4D07-A831-3D9F148EF339}.Debug|Any CPU.Build.0 = Debug|Any CPU
		{783CEA90-6BE2-4D07-A831-3D9F148EF339}.Release|Any CPU.ActiveCfg = Release|Any CPU
		{783CEA90-6BE2-4D07-A831-3D9F148EF339}.Release|Any CPU.Build.0 = Release|Any CPU
		{695A93CB-7176-4307-BF33-B50A41DDCFC0}.Debug|Any CPU.ActiveCfg = Debug|Any CPU
		{695A93CB-7176-4307-BF33-B50A41DDCFC0}.Debug|Any CPU.Build.0 = Debug|Any CPU
		{695A93CB-7176-4307-BF33-B50A41DDCFC0}.Release|Any CPU.ActiveCfg = Release|Any CPU
		{695A93CB-7176-4307-BF33-B50A41DDCFC0}.Release|Any CPU.Build.0 = Release|Any CPU
		{602E9E76-5FD9-4C48-B247-73599E5E0849}.Debug|Any CPU.ActiveCfg = Debug|Any CPU
		{602E9E76-5FD9-4C48-B247-73599E5E0849}.Debug|Any CPU.Build.0 = Debug|Any CPU
		{602E9E76-5FD9-4C48-B247-73599E5E0849}.Release|Any CPU.ActiveCfg = Release|Any CPU
		{602E9E76-5FD9-4C48-B247-73599E5E0849}.Release|Any CPU.Build.0 = Release|Any CPU
	EndGlobalSection
	GlobalSection(SolutionProperties) = preSolution
		HideSolutionNode = FALSE
	EndGlobalSection
	GlobalSection(ExtensibilityGlobals) = postSolution
		SolutionGuid = {C716C5DD-8CFF-4596-AF5B-132A3D0BE4A1}
	EndGlobalSection
EndGlobal
